
Microsoft Visual Studio Solution File, Format Version 12.00
# Visual Studio 15
VisualStudioVersion = 15.0.28307.329
MinimumVisualStudioVersion = 10.0.40219.1
Project("{FAE04EC0-301F-11D3-BF4B-00C04F79EFBC}") = "Csharp Basics", "Csharp Basics\Csharp Basics.csproj", "{DE6D2640-3A0F-4FAD-884A-1620E8E9F1FC}"
EndProject
Global
	GlobalSection(SolutionConfigurationPlatforms) = preSolution
		Debug|Any CPU = Debug|Any CPU
		Release|Any CPU = Release|Any CPU
	EndGlobalSection
	GlobalSection(ProjectConfigurationPlatforms) = postSolution
		{DE6D2640-3A0F-4FAD-884A-1620E8E9F1FC}.Debug|Any CPU.ActiveCfg = Debug|Any CPU
		{DE6D2640-3A0F-4FAD-884A-1620E8E9F1FC}.Debug|Any CPU.Build.0 = Debug|Any CPU
		{DE6D2640-3A0F-4FAD-884A-1620E8E9F1FC}.Release|Any CPU.ActiveCfg = Release|Any CPU
		{DE6D2640-3A0F-4FAD-884A-1620E8E9F1FC}.Release|Any CPU.Build.0 = Release|Any CPU
	EndGlobalSection
	GlobalSection(SolutionProperties) = preSolution
		HideSolutionNode = FALSE
	EndGlobalSection
	GlobalSection(ExtensibilityGlobals) = postSolution
		SolutionGuid = {C77B4D24-5C04-49F6-AC71-569851C2ECA4}
	EndGlobalSection
EndGlobal
